
Microsoft Visual Studio Solution File, Format Version 12.00
# Visual Studio Version 16
VisualStudioVersion = 16.0.31624.102
MinimumVisualStudioVersion = 10.0.40219.1
Project("{FAE04EC0-301F-11D3-BF4B-00C04F79EFBC}") = "labarat6Crossplatform", "labarat6Crossplatform\labarat6Crossplatform.csproj", "{2912484C-4E8A-40EC-A434-79B22F30DAC8}"
EndProject
Global
	GlobalSection(SolutionConfigurationPlatforms) = preSolution
		Debug|Any CPU = Debug|Any CPU
		Release|Any CPU = Release|Any CPU
	EndGlobalSection
	GlobalSection(ProjectConfigurationPlatforms) = postSolution
		{2912484C-4E8A-40EC-A434-79B22F30DAC8}.Debug|Any CPU.ActiveCfg = Debug|Any CPU
		{2912484C-4E8A-40EC-A434-79B22F30DAC8}.Debug|Any CPU.Build.0 = Debug|Any CPU
		{2912484C-4E8A-40EC-A434-79B22F30DAC8}.Release|Any CPU.ActiveCfg = Release|Any CPU
		{2912484C-4E8A-40EC-A434-79B22F30DAC8}.Release|Any CPU.Build.0 = Release|Any CPU
	EndGlobalSection
	GlobalSection(SolutionProperties) = preSolution
		HideSolutionNode = FALSE
	EndGlobalSection
	GlobalSection(ExtensibilityGlobals) = postSolution
		SolutionGuid = {6B61761A-CEEF-44A6-8F9F-F1045988EE32}
	EndGlobalSection
EndGlobal
